// !$*UTF8*$!
{
	archiveVersion = 1;
	classes = {
	};
	objectVersion = 56;
	objects = {

/* Begin PBXBuildFile section */
		1A0000000000000000000081 /* VoiceNoteApp.swift in Sources */ = {isa = PBXBuildFile; fileRef = 1A0000000000000000000041 /* VoiceNoteApp.swift */; };
		1A0000000000000000000082 /* AppState.swift in Sources */ = {isa = PBXBuildFile; fileRef = 1A0000000000000000000050 /* AppState.swift */; };
		1A0000000000000000000083 /* AudioRecorder.swift in Sources */ = {isa = PBXBuildFile; fileRef = 1A0000000000000000000051 /* AudioRecorder.swift */; };
		1A0000000000000000000084 /* WhisperKitTranscriber.swift in Sources */ = {isa = PBXBuildFile; fileRef = 1A0000000000000000000052 /* WhisperKitTranscriber.swift */; };
		1A0000000000000000000096 /* Transcribing.swift in Sources */ = {isa = PBXBuildFile; fileRef = 1A000000000000000000005F /* Transcribing.swift */; };
		1A0000000000000000000097 /* TextRewriting.swift in Sources */ = {isa = PBXBuildFile; fileRef = 1A0000000000000000000063 /* TextRewriting.swift */; };
		1A0000000000000000000098 /* OpenAIRewriter.swift in Sources */ = {isa = PBXBuildFile; fileRef = 1A0000000000000000000064 /* OpenAIRewriter.swift */; };
		1A0000000000000000000099 /* CredentialStore.swift in Sources */ = {isa = PBXBuildFile; fileRef = 1A0000000000000000000067 /* CredentialStore.swift */; };
		1A000000000000000000009A /* CredentialsViewModel.swift in Sources */ = {isa = PBXBuildFile; fileRef = 1A0000000000000000000068 /* CredentialsViewModel.swift */; };
		1A000000000000000000009B /* RecordingCoordinator.swift in Sources */ = {isa = PBXBuildFile; fileRef = 1A0000000000000000000069 /* RecordingCoordinator.swift */; };
		1A000000000000000000009C /* PostTranscriptionPipeline.swift in Sources */ = {isa = PBXBuildFile; fileRef = 1A000000000000000000006A /* PostTranscriptionPipeline.swift */; };
		1A0000000000000000000086 /* HotkeyManager.swift in Sources */ = {isa = PBXBuildFile; fileRef = 1A0000000000000000000054 /* HotkeyManager.swift */; };
		1A0000000000000000000087 /* Paths.swift in Sources */ = {isa = PBXBuildFile; fileRef = 1A0000000000000000000055 /* Paths.swift */; };
		1A0000000000000000000088 /* MenuBarView.swift in Sources */ = {isa = PBXBuildFile; fileRef = 1A0000000000000000000060 /* MenuBarView.swift */; };
		1A0000000000000000000089 /* SettingsView.swift in Sources */ = {isa = PBXBuildFile; fileRef = 1A0000000000000000000061 /* SettingsView.swift */; };
		1A000000000000000000008A /* StatusIcon.swift in Sources */ = {isa = PBXBuildFile; fileRef = 1A0000000000000000000062 /* StatusIcon.swift */; };
		1A000000000000000000008B /* Logger.swift in Sources */ = {isa = PBXBuildFile; fileRef = 1A0000000000000000000070 /* Logger.swift */; };
		1A000000000000000000008C /* PermissionHelper.swift in Sources */ = {isa = PBXBuildFile; fileRef = 1A0000000000000000000071 /* PermissionHelper.swift */; };
		1A000000000000000000008D /* SettingsStore.swift in Sources */ = {isa = PBXBuildFile; fileRef = 1A0000000000000000000056 /* SettingsStore.swift */; };
		1A000000000000000000008E /* TranscriptPostProcessor.swift in Sources */ = {isa = PBXBuildFile; fileRef = 1A0000000000000000000058 /* TranscriptPostProcessor.swift */; };
		1A000000000000000000008F /* NoteFormatter.swift in Sources */ = {isa = PBXBuildFile; fileRef = 1A000000000000000000005A /* NoteFormatter.swift */; };
		1A0000000000000000000093 /* NoteStore.swift in Sources */ = {isa = PBXBuildFile; fileRef = 1A000000000000000000005B /* NoteStore.swift */; };
		1A0000000000000000000094 /* TranscriptDeliverer.swift in Sources */ = {isa = PBXBuildFile; fileRef = 1A000000000000000000005D /* TranscriptDeliverer.swift */; };
		1A0000000000000000000095 /* GlossaryStore.swift in Sources */ = {isa = PBXBuildFile; fileRef = 1A000000000000000000005E /* GlossaryStore.swift */; };
		1A0000000000000000000090 /* Assets.xcassets in Resources */ = {isa = PBXBuildFile; fileRef = 1A0000000000000000000044 /* Assets.xcassets */; };
		1A0000000000000000000091 /* Preview Assets.xcassets in Resources */ = {isa = PBXBuildFile; fileRef = 1A0000000000000000000045 /* Preview Assets.xcassets */; };
		1A0000000000000000000092 /* default_glossary.txt in Resources */ = {isa = PBXBuildFile; fileRef = 1A0000000000000000000046 /* default_glossary.txt */; };
		1A00000000000000000000A0 /* WhisperKit in Frameworks */ = {isa = PBXBuildFile; productRef = 1A0000000000000000000032 /* WhisperKit */; };
		1A00000000000000000000A1 /* KeyboardShortcuts in Frameworks */ = {isa = PBXBuildFile; productRef = 1A0000000000000000000033 /* KeyboardShortcuts */; };
		1A0000000000000000000221 /* PathsTests.swift in Sources */ = {isa = PBXBuildFile; fileRef = 1A0000000000000000000211 /* PathsTests.swift */; };
		1A0000000000000000000223 /* AppStateTests.swift in Sources */ = {isa = PBXBuildFile; fileRef = 1A0000000000000000000213 /* AppStateTests.swift */; };
		1A0000000000000000000226 /* NoteFormatterTests.swift in Sources */ = {isa = PBXBuildFile; fileRef = 1A0000000000000000000216 /* NoteFormatterTests.swift */; };
		1A0000000000000000000227 /* FileNoteStoreTests.swift in Sources */ = {isa = PBXBuildFile; fileRef = 1A0000000000000000000217 /* FileNoteStoreTests.swift */; };
		1A0000000000000000000228 /* GlossaryStoreTests.swift in Sources */ = {isa = PBXBuildFile; fileRef = 1A0000000000000000000218 /* GlossaryStoreTests.swift */; };
		1A0000000000000000000229 /* MockTranscriber.swift in Sources */ = {isa = PBXBuildFile; fileRef = 1A0000000000000000000219 /* MockTranscriber.swift */; };
		1A000000000000000000022A /* DecodingSettingsTests.swift in Sources */ = {isa = PBXBuildFile; fileRef = 1A000000000000000000021B /* DecodingSettingsTests.swift */; };
		1A000000000000000000022B /* OpenAIRewriterTests.swift in Sources */ = {isa = PBXBuildFile; fileRef = 1A000000000000000000021C /* OpenAIRewriterTests.swift */; };
		1A000000000000000000022C /* MockRewriter.swift in Sources */ = {isa = PBXBuildFile; fileRef = 1A000000000000000000021D /* MockRewriter.swift */; };
		1A000000000000000000022D /* CredentialMigrationTests.swift in Sources */ = {isa = PBXBuildFile; fileRef = 1A000000000000000000021E /* CredentialMigrationTests.swift */; };
		1A000000000000000000022E /* InMemoryCredentialStore.swift in Sources */ = {isa = PBXBuildFile; fileRef = 1A000000000000000000021F /* InMemoryCredentialStore.swift */; };
		1A0000000000000000000231 /* MockAudioRecorder.swift in Sources */ = {isa = PBXBuildFile; fileRef = 1A0000000000000000000230 /* MockAudioRecorder.swift */; };
		1A0000000000000000000233 /* MockDeliverer.swift in Sources */ = {isa = PBXBuildFile; fileRef = 1A0000000000000000000232 /* MockDeliverer.swift */; };
		1A0000000000000000000235 /* MockNoteStore.swift in Sources */ = {isa = PBXBuildFile; fileRef = 1A0000000000000000000234 /* MockNoteStore.swift */; };
		1A0000000000000000000237 /* RecordingCoordinatorTests.swift in Sources */ = {isa = PBXBuildFile; fileRef = 1A0000000000000000000236 /* RecordingCoordinatorTests.swift */; };
		1A0000000000000000000239 /* PostTranscriptionPipelineTests.swift in Sources */ = {isa = PBXBuildFile; fileRef = 1A0000000000000000000238 /* PostTranscriptionPipelineTests.swift */; };
		1A0000000000000000000224 /* SettingsStoreTests.swift in Sources */ = {isa = PBXBuildFile; fileRef = 1A0000000000000000000214 /* SettingsStoreTests.swift */; };
		1A0000000000000000000225 /* TranscriptPostProcessorTests.swift in Sources */ = {isa = PBXBuildFile; fileRef = 1A0000000000000000000215 /* TranscriptPostProcessorTests.swift */; };
/* End PBXBuildFile section */

/* Begin PBXContainerItemProxy section */
		1A0000000000000000000208 /* PBXContainerItemProxy */ = {
			isa = PBXContainerItemProxy;
			containerPortal = 1A0000000000000000000001 /* Project object */;
			proxyType = 1;
			remoteGlobalIDString = 1A000000000000000000000B;
			remoteInfo = VoiceNote;
		};
/* End PBXContainerItemProxy section */

/* Begin PBXFileReference section */
		1A0000000000000000000040 /* VoiceNote.app */ = {isa = PBXFileReference; explicitFileType = wrapper.application; includeInIndex = 0; path = VoiceNote.app; sourceTree = BUILT_PRODUCTS_DIR; };
		1A0000000000000000000041 /* VoiceNoteApp.swift */ = {isa = PBXFileReference; lastKnownFileType = sourcecode.swift; path = VoiceNoteApp.swift; sourceTree = "<group>"; };
		1A0000000000000000000042 /* Info.plist */ = {isa = PBXFileReference; lastKnownFileType = text.plist.xml; path = Info.plist; sourceTree = "<group>"; };
		1A0000000000000000000043 /* VoiceNote.entitlements */ = {isa = PBXFileReference; lastKnownFileType = text.plist.entitlements; path = VoiceNote.entitlements; sourceTree = "<group>"; };
		1A0000000000000000000044 /* Assets.xcassets */ = {isa = PBXFileReference; lastKnownFileType = folder.assetcatalog; path = Assets.xcassets; sourceTree = "<group>"; };
		1A0000000000000000000045 /* Preview Assets.xcassets */ = {isa = PBXFileReference; lastKnownFileType = folder.assetcatalog; path = "Preview Assets.xcassets"; sourceTree = "<group>"; };
		1A0000000000000000000046 /* default_glossary.txt */ = {isa = PBXFileReference; lastKnownFileType = text; path = default_glossary.txt; sourceTree = "<group>"; };
		1A0000000000000000000050 /* AppState.swift */ = {isa = PBXFileReference; lastKnownFileType = sourcecode.swift; path = AppState.swift; sourceTree = "<group>"; };
		1A0000000000000000000051 /* AudioRecorder.swift */ = {isa = PBXFileReference; lastKnownFileType = sourcecode.swift; path = AudioRecorder.swift; sourceTree = "<group>"; };
		1A0000000000000000000052 /* WhisperKitTranscriber.swift */ = {isa = PBXFileReference; lastKnownFileType = sourcecode.swift; path = WhisperKitTranscriber.swift; sourceTree = "<group>"; };
		1A000000000000000000005F /* Transcribing.swift */ = {isa = PBXFileReference; lastKnownFileType = sourcecode.swift; path = Transcribing.swift; sourceTree = "<group>"; };
		1A0000000000000000000063 /* TextRewriting.swift */ = {isa = PBXFileReference; lastKnownFileType = sourcecode.swift; path = TextRewriting.swift; sourceTree = "<group>"; };
		1A0000000000000000000064 /* OpenAIRewriter.swift */ = {isa = PBXFileReference; lastKnownFileType = sourcecode.swift; path = OpenAIRewriter.swift; sourceTree = "<group>"; };
		1A0000000000000000000067 /* CredentialStore.swift */ = {isa = PBXFileReference; lastKnownFileType = sourcecode.swift; path = CredentialStore.swift; sourceTree = "<group>"; };
		1A0000000000000000000068 /* CredentialsViewModel.swift */ = {isa = PBXFileReference; lastKnownFileType = sourcecode.swift; path = CredentialsViewModel.swift; sourceTree = "<group>"; };
		1A0000000000000000000069 /* RecordingCoordinator.swift */ = {isa = PBXFileReference; lastKnownFileType = sourcecode.swift; path = RecordingCoordinator.swift; sourceTree = "<group>"; };
		1A000000000000000000006A /* PostTranscriptionPipeline.swift */ = {isa = PBXFileReference; lastKnownFileType = sourcecode.swift; path = PostTranscriptionPipeline.swift; sourceTree = "<group>"; };
		1A0000000000000000000054 /* HotkeyManager.swift */ = {isa = PBXFileReference; lastKnownFileType = sourcecode.swift; path = HotkeyManager.swift; sourceTree = "<group>"; };
		1A000000000000000000005A /* NoteFormatter.swift */ = {isa = PBXFileReference; lastKnownFileType = sourcecode.swift; path = NoteFormatter.swift; sourceTree = "<group>"; };
		1A000000000000000000005B /* NoteStore.swift */ = {isa = PBXFileReference; lastKnownFileType = sourcecode.swift; path = NoteStore.swift; sourceTree = "<group>"; };
		1A000000000000000000005D /* TranscriptDeliverer.swift */ = {isa = PBXFileReference; lastKnownFileType = sourcecode.swift; path = TranscriptDeliverer.swift; sourceTree = "<group>"; };
		1A000000000000000000005E /* GlossaryStore.swift */ = {isa = PBXFileReference; lastKnownFileType = sourcecode.swift; path = GlossaryStore.swift; sourceTree = "<group>"; };
		1A0000000000000000000055 /* Paths.swift */ = {isa = PBXFileReference; lastKnownFileType = sourcecode.swift; path = Paths.swift; sourceTree = "<group>"; };
		1A0000000000000000000056 /* SettingsStore.swift */ = {isa = PBXFileReference; lastKnownFileType = sourcecode.swift; path = SettingsStore.swift; sourceTree = "<group>"; };
		1A0000000000000000000058 /* TranscriptPostProcessor.swift */ = {isa = PBXFileReference; lastKnownFileType = sourcecode.swift; path = TranscriptPostProcessor.swift; sourceTree = "<group>"; };
		1A0000000000000000000060 /* MenuBarView.swift */ = {isa = PBXFileReference; lastKnownFileType = sourcecode.swift; path = MenuBarView.swift; sourceTree = "<group>"; };
		1A0000000000000000000061 /* SettingsView.swift */ = {isa = PBXFileReference; lastKnownFileType = sourcecode.swift; path = SettingsView.swift; sourceTree = "<group>"; };
		1A0000000000000000000062 /* StatusIcon.swift */ = {isa = PBXFileReference; lastKnownFileType = sourcecode.swift; path = StatusIcon.swift; sourceTree = "<group>"; };
		1A0000000000000000000070 /* Logger.swift */ = {isa = PBXFileReference; lastKnownFileType = sourcecode.swift; path = Logger.swift; sourceTree = "<group>"; };
		1A0000000000000000000071 /* PermissionHelper.swift */ = {isa = PBXFileReference; lastKnownFileType = sourcecode.swift; path = PermissionHelper.swift; sourceTree = "<group>"; };
		1A0000000000000000000201 /* VoiceNoteTests.xctest */ = {isa = PBXFileReference; explicitFileType = wrapper.cfbundle; includeInIndex = 0; path = VoiceNoteTests.xctest; sourceTree = BUILT_PRODUCTS_DIR; };
		1A0000000000000000000211 /* PathsTests.swift */ = {isa = PBXFileReference; lastKnownFileType = sourcecode.swift; path = PathsTests.swift; sourceTree = "<group>"; };
		1A0000000000000000000213 /* AppStateTests.swift */ = {isa = PBXFileReference; lastKnownFileType = sourcecode.swift; path = AppStateTests.swift; sourceTree = "<group>"; };
		1A0000000000000000000216 /* NoteFormatterTests.swift */ = {isa = PBXFileReference; lastKnownFileType = sourcecode.swift; path = NoteFormatterTests.swift; sourceTree = "<group>"; };
		1A0000000000000000000217 /* FileNoteStoreTests.swift */ = {isa = PBXFileReference; lastKnownFileType = sourcecode.swift; path = FileNoteStoreTests.swift; sourceTree = "<group>"; };
		1A0000000000000000000218 /* GlossaryStoreTests.swift */ = {isa = PBXFileReference; lastKnownFileType = sourcecode.swift; path = GlossaryStoreTests.swift; sourceTree = "<group>"; };
		1A0000000000000000000219 /* MockTranscriber.swift */ = {isa = PBXFileReference; lastKnownFileType = sourcecode.swift; path = MockTranscriber.swift; sourceTree = "<group>"; };
		1A000000000000000000021B /* DecodingSettingsTests.swift */ = {isa = PBXFileReference; lastKnownFileType = sourcecode.swift; path = DecodingSettingsTests.swift; sourceTree = "<group>"; };
		1A000000000000000000021C /* OpenAIRewriterTests.swift */ = {isa = PBXFileReference; lastKnownFileType = sourcecode.swift; path = OpenAIRewriterTests.swift; sourceTree = "<group>"; };
		1A000000000000000000021D /* MockRewriter.swift */ = {isa = PBXFileReference; lastKnownFileType = sourcecode.swift; path = MockRewriter.swift; sourceTree = "<group>"; };
		1A000000000000000000021E /* CredentialMigrationTests.swift */ = {isa = PBXFileReference; lastKnownFileType = sourcecode.swift; path = CredentialMigrationTests.swift; sourceTree = "<group>"; };
		1A000000000000000000021F /* InMemoryCredentialStore.swift */ = {isa = PBXFileReference; lastKnownFileType = sourcecode.swift; path = InMemoryCredentialStore.swift; sourceTree = "<group>"; };
		1A0000000000000000000230 /* MockAudioRecorder.swift */ = {isa = PBXFileReference; lastKnownFileType = sourcecode.swift; path = MockAudioRecorder.swift; sourceTree = "<group>"; };
		1A0000000000000000000232 /* MockDeliverer.swift */ = {isa = PBXFileReference; lastKnownFileType = sourcecode.swift; path = MockDeliverer.swift; sourceTree = "<group>"; };
		1A0000000000000000000234 /* MockNoteStore.swift */ = {isa = PBXFileReference; lastKnownFileType = sourcecode.swift; path = MockNoteStore.swift; sourceTree = "<group>"; };
		1A0000000000000000000236 /* RecordingCoordinatorTests.swift */ = {isa = PBXFileReference; lastKnownFileType = sourcecode.swift; path = RecordingCoordinatorTests.swift; sourceTree = "<group>"; };
		1A0000000000000000000238 /* PostTranscriptionPipelineTests.swift */ = {isa = PBXFileReference; lastKnownFileType = sourcecode.swift; path = PostTranscriptionPipelineTests.swift; sourceTree = "<group>"; };
		1A0000000000000000000214 /* SettingsStoreTests.swift */ = {isa = PBXFileReference; lastKnownFileType = sourcecode.swift; path = SettingsStoreTests.swift; sourceTree = "<group>"; };
		1A0000000000000000000215 /* TranscriptPostProcessorTests.swift */ = {isa = PBXFileReference; lastKnownFileType = sourcecode.swift; path = TranscriptPostProcessorTests.swift; sourceTree = "<group>"; };
/* End PBXFileReference section */

/* Begin PBXFrameworksBuildPhase section */
		1A0000000000000000000021 /* Frameworks */ = {
			isa = PBXFrameworksBuildPhase;
			buildActionMask = 2147483647;
			files = (
				1A00000000000000000000A0 /* WhisperKit in Frameworks */,
				1A00000000000000000000A1 /* KeyboardShortcuts in Frameworks */,
			);
			runOnlyForDeploymentPostprocessing = 0;
		};
		1A0000000000000000000206 /* Frameworks */ = {
			isa = PBXFrameworksBuildPhase;
			buildActionMask = 2147483647;
			files = (
			);
			runOnlyForDeploymentPostprocessing = 0;
		};
/* End PBXFrameworksBuildPhase section */

/* Begin PBXGroup section */
		1A0000000000000000000002 = {
			isa = PBXGroup;
			children = (
				1A0000000000000000000005 /* VoiceNote */,
				1A0000000000000000000210 /* VoiceNoteTests */,
				1A0000000000000000000003 /* Products */,
			);
			sourceTree = "<group>";
		};
		1A0000000000000000000003 /* Products */ = {
			isa = PBXGroup;
			children = (
				1A0000000000000000000040 /* VoiceNote.app */,
				1A0000000000000000000201 /* VoiceNoteTests.xctest */,
			);
			name = Products;
			sourceTree = "<group>";
		};
		1A0000000000000000000005 /* VoiceNote */ = {
			isa = PBXGroup;
			children = (
				1A0000000000000000000041 /* VoiceNoteApp.swift */,
				1A0000000000000000000006 /* Core */,
				1A0000000000000000000007 /* UI */,
				1A0000000000000000000008 /* Utils */,
				1A0000000000000000000009 /* Resources */,
				1A0000000000000000000044 /* Assets.xcassets */,
				1A000000000000000000000A /* Preview Content */,
				1A0000000000000000000042 /* Info.plist */,
				1A0000000000000000000043 /* VoiceNote.entitlements */,
			);
			path = VoiceNote;
			sourceTree = "<group>";
		};
		1A0000000000000000000006 /* Core */ = {
			isa = PBXGroup;
			children = (
				1A0000000000000000000050 /* AppState.swift */,
				1A0000000000000000000051 /* AudioRecorder.swift */,
				1A0000000000000000000069 /* RecordingCoordinator.swift */,
				1A000000000000000000006A /* PostTranscriptionPipeline.swift */,
				1A0000000000000000000054 /* HotkeyManager.swift */,
				1A0000000000000000000055 /* Paths.swift */,
				1A0000000000000000000056 /* SettingsStore.swift */,
				1A000000000000000000005E /* GlossaryStore.swift */,
				1A0000000000000000000057 /* Transcription */,
				1A0000000000000000000059 /* Notes */,
				1A000000000000000000005C /* Output */,
				1A0000000000000000000065 /* AI */,
				1A0000000000000000000066 /* Credentials */,
			);
			path = Core;
			sourceTree = "<group>";
		};
		1A0000000000000000000066 /* Credentials */ = {
			isa = PBXGroup;
			children = (
				1A0000000000000000000067 /* CredentialStore.swift */,
				1A0000000000000000000068 /* CredentialsViewModel.swift */,
			);
			path = Credentials;
			sourceTree = "<group>";
		};
		1A0000000000000000000065 /* AI */ = {
			isa = PBXGroup;
			children = (
				1A0000000000000000000063 /* TextRewriting.swift */,
				1A0000000000000000000064 /* OpenAIRewriter.swift */,
			);
			path = AI;
			sourceTree = "<group>";
		};
		1A0000000000000000000059 /* Notes */ = {
			isa = PBXGroup;
			children = (
				1A000000000000000000005A /* NoteFormatter.swift */,
				1A000000000000000000005B /* NoteStore.swift */,
			);
			path = Notes;
			sourceTree = "<group>";
		};
		1A000000000000000000005C /* Output */ = {
			isa = PBXGroup;
			children = (
				1A000000000000000000005D /* TranscriptDeliverer.swift */,
			);
			path = Output;
			sourceTree = "<group>";
		};
		1A0000000000000000000057 /* Transcription */ = {
			isa = PBXGroup;
			children = (
				1A000000000000000000005F /* Transcribing.swift */,
				1A0000000000000000000052 /* WhisperKitTranscriber.swift */,
				1A0000000000000000000058 /* TranscriptPostProcessor.swift */,
			);
			path = Transcription;
			sourceTree = "<group>";
		};
		1A0000000000000000000007 /* UI */ = {
			isa = PBXGroup;
			children = (
				1A0000000000000000000060 /* MenuBarView.swift */,
				1A0000000000000000000061 /* SettingsView.swift */,
				1A0000000000000000000062 /* StatusIcon.swift */,
			);
			path = UI;
			sourceTree = "<group>";
		};
		1A0000000000000000000008 /* Utils */ = {
			isa = PBXGroup;
			children = (
				1A0000000000000000000070 /* Logger.swift */,
				1A0000000000000000000071 /* PermissionHelper.swift */,
			);
			path = Utils;
			sourceTree = "<group>";
		};
		1A0000000000000000000009 /* Resources */ = {
			isa = PBXGroup;
			children = (
				1A0000000000000000000046 /* default_glossary.txt */,
			);
			path = Resources;
			sourceTree = "<group>";
		};
		1A000000000000000000000A /* Preview Content */ = {
			isa = PBXGroup;
			children = (
				1A0000000000000000000045 /* Preview Assets.xcassets */,
			);
			path = "Preview Content";
			sourceTree = "<group>";
		};
		1A0000000000000000000210 /* VoiceNoteTests */ = {
			isa = PBXGroup;
			children = (
				1A0000000000000000000211 /* PathsTests.swift */,
				1A0000000000000000000213 /* AppStateTests.swift */,
				1A0000000000000000000214 /* SettingsStoreTests.swift */,
				1A0000000000000000000215 /* TranscriptPostProcessorTests.swift */,
				1A0000000000000000000216 /* NoteFormatterTests.swift */,
				1A0000000000000000000217 /* FileNoteStoreTests.swift */,
				1A0000000000000000000218 /* GlossaryStoreTests.swift */,
				1A000000000000000000021B /* DecodingSettingsTests.swift */,
				1A000000000000000000021C /* OpenAIRewriterTests.swift */,
				1A000000000000000000021E /* CredentialMigrationTests.swift */,
				1A0000000000000000000236 /* RecordingCoordinatorTests.swift */,
				1A0000000000000000000238 /* PostTranscriptionPipelineTests.swift */,
				1A000000000000000000021A /* Mocks */,
			);
			path = VoiceNoteTests;
			sourceTree = "<group>";
		};
		1A000000000000000000021A /* Mocks */ = {
			isa = PBXGroup;
			children = (
				1A0000000000000000000219 /* MockTranscriber.swift */,
				1A000000000000000000021D /* MockRewriter.swift */,
				1A000000000000000000021F /* InMemoryCredentialStore.swift */,
				1A0000000000000000000230 /* MockAudioRecorder.swift */,
				1A0000000000000000000232 /* MockDeliverer.swift */,
				1A0000000000000000000234 /* MockNoteStore.swift */,
			);
			path = Mocks;
			sourceTree = "<group>";
		};
/* End PBXGroup section */

/* Begin PBXNativeTarget section */
		1A000000000000000000000B /* VoiceNote */ = {
			isa = PBXNativeTarget;
			buildConfigurationList = 1A0000000000000000000011 /* Build configuration list for PBXNativeTarget "VoiceNote" */;
			buildPhases = (
				1A0000000000000000000020 /* Sources */,
				1A0000000000000000000021 /* Frameworks */,
				1A0000000000000000000022 /* Resources */,
			);
			buildRules = (
			);
			dependencies = (
			);
			name = VoiceNote;
			packageProductDependencies = (
				1A0000000000000000000032 /* WhisperKit */,
				1A0000000000000000000033 /* KeyboardShortcuts */,
			);
			productName = VoiceNote;
			productReference = 1A0000000000000000000040 /* VoiceNote.app */;
			productType = "com.apple.product-type.application";
		};
		1A0000000000000000000200 /* VoiceNoteTests */ = {
			isa = PBXNativeTarget;
			buildConfigurationList = 1A0000000000000000000202 /* Build configuration list for PBXNativeTarget "VoiceNoteTests" */;
			buildPhases = (
				1A0000000000000000000205 /* Sources */,
				1A0000000000000000000206 /* Frameworks */,
				1A0000000000000000000207 /* Resources */,
			);
			buildRules = (
			);
			dependencies = (
				1A0000000000000000000209 /* PBXTargetDependency */,
			);
			name = VoiceNoteTests;
			packageProductDependencies = (
			);
			productName = VoiceNoteTests;
			productReference = 1A0000000000000000000201 /* VoiceNoteTests.xctest */;
			productType = "com.apple.product-type.bundle.unit-test";
		};
/* End PBXNativeTarget section */

/* Begin PBXProject section */
		1A0000000000000000000001 /* Project object */ = {
			isa = PBXProject;
			attributes = {
				BuildIndependentTargetsInParallel = 1;
				LastSwiftUpdateCheck = 1500;
				LastUpgradeCheck = 1500;
				TargetAttributes = {
					1A000000000000000000000B = {
						CreatedOnToolsVersion = 15.0;
					};
					1A0000000000000000000200 = {
						CreatedOnToolsVersion = 15.0;
						TestTargetID = 1A000000000000000000000B;
					};
				};
			};
			buildConfigurationList = 1A0000000000000000000010 /* Build configuration list for PBXProject "VoiceNote" */;
			compatibilityVersion = "Xcode 14.0";
			developmentRegion = en;
			hasScannedForEncodings = 0;
			knownRegions = (
				en,
				Base,
			);
			mainGroup = 1A0000000000000000000002;
			packageReferences = (
				1A0000000000000000000030 /* XCRemoteSwiftPackageReference "WhisperKit" */,
				1A0000000000000000000031 /* XCRemoteSwiftPackageReference "KeyboardShortcuts" */,
			);
			productRefGroup = 1A0000000000000000000003 /* Products */;
			projectDirPath = "";
			projectRoot = "";
			targets = (
				1A000000000000000000000B /* VoiceNote */,
				1A0000000000000000000200 /* VoiceNoteTests */,
			);
		};
/* End PBXProject section */

/* Begin PBXResourcesBuildPhase section */
		1A0000000000000000000022 /* Resources */ = {
			isa = PBXResourcesBuildPhase;
			buildActionMask = 2147483647;
			files = (
				1A0000000000000000000091 /* Preview Assets.xcassets in Resources */,
				1A0000000000000000000090 /* Assets.xcassets in Resources */,
				1A0000000000000000000092 /* default_glossary.txt in Resources */,
			);
			runOnlyForDeploymentPostprocessing = 0;
		};
		1A0000000000000000000207 /* Resources */ = {
			isa = PBXResourcesBuildPhase;
			buildActionMask = 2147483647;
			files = (
			);
			runOnlyForDeploymentPostprocessing = 0;
		};
/* End PBXResourcesBuildPhase section */

/* Begin PBXSourcesBuildPhase section */
		1A0000000000000000000020 /* Sources */ = {
			isa = PBXSourcesBuildPhase;
			buildActionMask = 2147483647;
			files = (
				1A0000000000000000000087 /* Paths.swift in Sources */,
				1A000000000000000000008D /* SettingsStore.swift in Sources */,
				1A000000000000000000008E /* TranscriptPostProcessor.swift in Sources */,
				1A000000000000000000008B /* Logger.swift in Sources */,
				1A000000000000000000008C /* PermissionHelper.swift in Sources */,
				1A0000000000000000000082 /* AppState.swift in Sources */,
				1A0000000000000000000083 /* AudioRecorder.swift in Sources */,
				1A0000000000000000000084 /* WhisperKitTranscriber.swift in Sources */,
				1A0000000000000000000096 /* Transcribing.swift in Sources */,
				1A0000000000000000000097 /* TextRewriting.swift in Sources */,
				1A0000000000000000000098 /* OpenAIRewriter.swift in Sources */,
				1A0000000000000000000099 /* CredentialStore.swift in Sources */,
				1A000000000000000000009A /* CredentialsViewModel.swift in Sources */,
				1A000000000000000000009B /* RecordingCoordinator.swift in Sources */,
				1A000000000000000000009C /* PostTranscriptionPipeline.swift in Sources */,
				1A000000000000000000008F /* NoteFormatter.swift in Sources */,
				1A0000000000000000000093 /* NoteStore.swift in Sources */,
				1A0000000000000000000094 /* TranscriptDeliverer.swift in Sources */,
				1A0000000000000000000095 /* GlossaryStore.swift in Sources */,
				1A0000000000000000000086 /* HotkeyManager.swift in Sources */,
				1A000000000000000000008A /* StatusIcon.swift in Sources */,
				1A0000000000000000000088 /* MenuBarView.swift in Sources */,
				1A0000000000000000000089 /* SettingsView.swift in Sources */,
				1A0000000000000000000081 /* VoiceNoteApp.swift in Sources */,
			);
			runOnlyForDeploymentPostprocessing = 0;
		};
		1A0000000000000000000205 /* Sources */ = {
			isa = PBXSourcesBuildPhase;
			buildActionMask = 2147483647;
			files = (
				1A0000000000000000000221 /* PathsTests.swift in Sources */,
				1A0000000000000000000223 /* AppStateTests.swift in Sources */,
				1A0000000000000000000224 /* SettingsStoreTests.swift in Sources */,
				1A0000000000000000000225 /* TranscriptPostProcessorTests.swift in Sources */,
				1A0000000000000000000226 /* NoteFormatterTests.swift in Sources */,
				1A0000000000000000000227 /* FileNoteStoreTests.swift in Sources */,
				1A0000000000000000000228 /* GlossaryStoreTests.swift in Sources */,
				1A0000000000000000000229 /* MockTranscriber.swift in Sources */,
				1A000000000000000000022A /* DecodingSettingsTests.swift in Sources */,
				1A000000000000000000022B /* OpenAIRewriterTests.swift in Sources */,
				1A000000000000000000022C /* MockRewriter.swift in Sources */,
				1A000000000000000000022D /* CredentialMigrationTests.swift in Sources */,
				1A000000000000000000022E /* InMemoryCredentialStore.swift in Sources */,
				1A0000000000000000000231 /* MockAudioRecorder.swift in Sources */,
				1A0000000000000000000233 /* MockDeliverer.swift in Sources */,
				1A0000000000000000000235 /* MockNoteStore.swift in Sources */,
				1A0000000000000000000237 /* RecordingCoordinatorTests.swift in Sources */,
				1A0000000000000000000239 /* PostTranscriptionPipelineTests.swift in Sources */,
			);
			runOnlyForDeploymentPostprocessing = 0;
		};
/* End PBXSourcesBuildPhase section */

/* Begin PBXTargetDependency section */
		1A0000000000000000000209 /* PBXTargetDependency */ = {
			isa = PBXTargetDependency;
			target = 1A000000000000000000000B /* VoiceNote */;
			targetProxy = 1A0000000000000000000208 /* PBXContainerItemProxy */;
		};
/* End PBXTargetDependency section */

/* Begin XCBuildConfiguration section */
		1A0000000000000000000012 /* Debug */ = {
			isa = XCBuildConfiguration;
			buildSettings = {
				ALWAYS_SEARCH_USER_PATHS = NO;
				ASSETCATALOG_COMPILER_GENERATE_SWIFT_ASSET_SYMBOL_EXTENSIONS = YES;
				CLANG_ANALYZER_NONNULL = YES;
				CLANG_ANALYZER_NUMBER_OBJECT_CONVERSION = YES_AGGRESSIVE;
				CLANG_CXX_LANGUAGE_STANDARD = "gnu++20";
				CLANG_ENABLE_MODULES = YES;
				CLANG_ENABLE_OBJC_ARC = YES;
				CLANG_ENABLE_OBJC_WEAK = YES;
				CLANG_WARN_BLOCK_CAPTURE_AUTORELEASING = YES;
				CLANG_WARN_BOOL_CONVERSION = YES;
				CLANG_WARN_COMMA = YES;
				CLANG_WARN_CONSTANT_CONVERSION = YES;
				CLANG_WARN_DEPRECATED_OBJC_IMPLEMENTATIONS = YES;
				CLANG_WARN_DIRECT_OBJC_ISA_USAGE = YES_ERROR;
				CLANG_WARN_DOCUMENTATION_COMMENTS = YES;
				CLANG_WARN_EMPTY_BODY = YES;
				CLANG_WARN_ENUM_CONVERSION = YES;
				CLANG_WARN_INFINITE_RECURSION = YES;
				CLANG_WARN_INT_CONVERSION = YES;
				CLANG_WARN_NON_LITERAL_NULL_CONVERSION = YES;
				CLANG_WARN_OBJC_IMPLICIT_RETAIN_SELF = YES;
				CLANG_WARN_OBJC_LITERAL_CONVERSION = YES;
				CLANG_WARN_OBJC_ROOT_CLASS = YES_ERROR;
				CLANG_WARN_QUOTED_INCLUDE_IN_FRAMEWORK_HEADER = YES;
				CLANG_WARN_RANGE_LOOP_ANALYSIS = YES;
				CLANG_WARN_STRICT_PROTOTYPES = YES;
				CLANG_WARN_SUSPICIOUS_MOVE = YES;
				CLANG_WARN_UNGUARDED_AVAILABILITY = YES_AGGRESSIVE;
				CLANG_WARN_UNREACHABLE_CODE = YES;
				CLANG_WARN__DUPLICATE_METHOD_MATCH = YES;
				COPY_PHASE_STRIP = NO;
				DEBUG_INFORMATION_FORMAT = dwarf;
				ENABLE_STRICT_OBJC_MSGSEND = YES;
				ENABLE_TESTABILITY = YES;
				ENABLE_USER_SCRIPT_SANDBOXING = YES;
				GCC_C_LANGUAGE_STANDARD = gnu17;
				GCC_DYNAMIC_NO_PIC = NO;
				GCC_NO_COMMON_BLOCKS = YES;
				GCC_OPTIMIZATION_LEVEL = 0;
				GCC_PREPROCESSOR_DEFINITIONS = (
					"DEBUG=1",
					"$(inherited)",
				);
				GCC_WARN_64_TO_32_BIT_CONVERSION = YES;
				GCC_WARN_ABOUT_RETURN_TYPE = YES_ERROR;
				GCC_WARN_UNDECLARED_SELECTOR = YES;
				GCC_WARN_UNINITIALIZED_AUTOS = YES_AGGRESSIVE;
				GCC_WARN_UNUSED_FUNCTION = YES;
				GCC_WARN_UNUSED_VARIABLE = YES;
				LOCALIZATION_PREFERS_STRING_CATALOGS = YES;
				MACOSX_DEPLOYMENT_TARGET = 14.0;
				MTL_ENABLE_DEBUG_INFO = INCLUDE_SOURCE;
				MTL_FAST_MATH = YES;
				ONLY_ACTIVE_ARCH = YES;
				SDKROOT = macosx;
				SWIFT_ACTIVE_COMPILATION_CONDITIONS = "DEBUG $(inherited)";
				SWIFT_OPTIMIZATION_LEVEL = "-Onone";
			};
			name = Debug;
		};
		1A0000000000000000000013 /* Release */ = {
			isa = XCBuildConfiguration;
			buildSettings = {
				ALWAYS_SEARCH_USER_PATHS = NO;
				ASSETCATALOG_COMPILER_GENERATE_SWIFT_ASSET_SYMBOL_EXTENSIONS = YES;
				CLANG_ANALYZER_NONNULL = YES;
				CLANG_ANALYZER_NUMBER_OBJECT_CONVERSION = YES_AGGRESSIVE;
				CLANG_CXX_LANGUAGE_STANDARD = "gnu++20";
				CLANG_ENABLE_MODULES = YES;
				CLANG_ENABLE_OBJC_ARC = YES;
				CLANG_ENABLE_OBJC_WEAK = YES;
				CLANG_WARN_BLOCK_CAPTURE_AUTORELEASING = YES;
				CLANG_WARN_BOOL_CONVERSION = YES;
				CLANG_WARN_COMMA = YES;
				CLANG_WARN_CONSTANT_CONVERSION = YES;
				CLANG_WARN_DEPRECATED_OBJC_IMPLEMENTATIONS = YES;
				CLANG_WARN_DIRECT_OBJC_ISA_USAGE = YES_ERROR;
				CLANG_WARN_DOCUMENTATION_COMMENTS = YES;
				CLANG_WARN_EMPTY_BODY = YES;
				CLANG_WARN_ENUM_CONVERSION = YES;
				CLANG_WARN_INFINITE_RECURSION = YES;
				CLANG_WARN_INT_CONVERSION = YES;
				CLANG_WARN_NON_LITERAL_NULL_CONVERSION = YES;
				CLANG_WARN_OBJC_IMPLICIT_RETAIN_SELF = YES;
				CLANG_WARN_OBJC_LITERAL_CONVERSION = YES;
				CLANG_WARN_OBJC_ROOT_CLASS = YES_ERROR;
				CLANG_WARN_QUOTED_INCLUDE_IN_FRAMEWORK_HEADER = YES;
				CLANG_WARN_RANGE_LOOP_ANALYSIS = YES;
				CLANG_WARN_STRICT_PROTOTYPES = YES;
				CLANG_WARN_SUSPICIOUS_MOVE = YES;
				CLANG_WARN_UNGUARDED_AVAILABILITY = YES_AGGRESSIVE;
				CLANG_WARN_UNREACHABLE_CODE = YES;
				CLANG_WARN__DUPLICATE_METHOD_MATCH = YES;
				COPY_PHASE_STRIP = NO;
				DEBUG_INFORMATION_FORMAT = "dwarf-with-dsym";
				ENABLE_NS_ASSERTIONS = NO;
				ENABLE_STRICT_OBJC_MSGSEND = YES;
				ENABLE_USER_SCRIPT_SANDBOXING = YES;
				GCC_C_LANGUAGE_STANDARD = gnu17;
				GCC_NO_COMMON_BLOCKS = YES;
				GCC_WARN_64_TO_32_BIT_CONVERSION = YES;
				GCC_WARN_ABOUT_RETURN_TYPE = YES_ERROR;
				GCC_WARN_UNDECLARED_SELECTOR = YES;
				GCC_WARN_UNINITIALIZED_AUTOS = YES_AGGRESSIVE;
				GCC_WARN_UNUSED_FUNCTION = YES;
				GCC_WARN_UNUSED_VARIABLE = YES;
				LOCALIZATION_PREFERS_STRING_CATALOGS = YES;
				MACOSX_DEPLOYMENT_TARGET = 14.0;
				MTL_ENABLE_DEBUG_INFO = NO;
				MTL_FAST_MATH = YES;
				SDKROOT = macosx;
				SWIFT_COMPILATION_MODE = wholemodule;
			};
			name = Release;
		};
		1A0000000000000000000014 /* Debug */ = {
			isa = XCBuildConfiguration;
			buildSettings = {
				ASSETCATALOG_COMPILER_APPICON_NAME = AppIcon;
				ASSETCATALOG_COMPILER_GLOBAL_ACCENT_COLOR_NAME = AccentColor;
				CODE_SIGN_ENTITLEMENTS = VoiceNote/VoiceNote.entitlements;
				CODE_SIGN_STYLE = Automatic;
				COMBINE_HIDPI_IMAGES = YES;
				CURRENT_PROJECT_VERSION = 1;
				DEAD_CODE_STRIPPING = YES;
				DEVELOPMENT_ASSET_PATHS = "\"VoiceNote/Preview Content\"";
				ENABLE_HARDENED_RUNTIME = YES;
				ENABLE_PREVIEWS = YES;
				GENERATE_INFOPLIST_FILE = NO;
				INFOPLIST_FILE = VoiceNote/Info.plist;
				LD_RUNPATH_SEARCH_PATHS = (
					"$(inherited)",
					"@executable_path/../Frameworks",
				);
				MACOSX_DEPLOYMENT_TARGET = 14.0;
				MARKETING_VERSION = 1.0;
				PRODUCT_BUNDLE_IDENTIFIER = com.george.voicenote;
				PRODUCT_NAME = "$(TARGET_NAME)";
				SWIFT_EMIT_LOC_STRINGS = YES;
				SWIFT_VERSION = 5.0;
			};
			name = Debug;
		};
		1A0000000000000000000015 /* Release */ = {
			isa = XCBuildConfiguration;
			buildSettings = {
				ASSETCATALOG_COMPILER_APPICON_NAME = AppIcon;
				ASSETCATALOG_COMPILER_GLOBAL_ACCENT_COLOR_NAME = AccentColor;
				CODE_SIGN_ENTITLEMENTS = VoiceNote/VoiceNote.entitlements;
				CODE_SIGN_STYLE = Automatic;
				COMBINE_HIDPI_IMAGES = YES;
				CURRENT_PROJECT_VERSION = 1;
				DEAD_CODE_STRIPPING = YES;
				DEVELOPMENT_ASSET_PATHS = "\"VoiceNote/Preview Content\"";
				ENABLE_HARDENED_RUNTIME = YES;
				ENABLE_PREVIEWS = YES;
				GENERATE_INFOPLIST_FILE = NO;
				INFOPLIST_FILE = VoiceNote/Info.plist;
				LD_RUNPATH_SEARCH_PATHS = (
					"$(inherited)",
					"@executable_path/../Frameworks",
				);
				MACOSX_DEPLOYMENT_TARGET = 14.0;
				MARKETING_VERSION = 1.0;
				PRODUCT_BUNDLE_IDENTIFIER = com.george.voicenote;
				PRODUCT_NAME = "$(TARGET_NAME)";
				SWIFT_EMIT_LOC_STRINGS = YES;
				SWIFT_VERSION = 5.0;
			};
			name = Release;
		};
		1A0000000000000000000203 /* Debug */ = {
			isa = XCBuildConfiguration;
			buildSettings = {
				BUNDLE_LOADER = "$(TEST_HOST)";
				CODE_SIGN_STYLE = Automatic;
				CURRENT_PROJECT_VERSION = 1;
				GENERATE_INFOPLIST_FILE = YES;
				MACOSX_DEPLOYMENT_TARGET = 14.0;
				MARKETING_VERSION = 1.0;
				PRODUCT_BUNDLE_IDENTIFIER = com.george.voicenote.tests;
				PRODUCT_NAME = "$(TARGET_NAME)";
				SWIFT_EMIT_LOC_STRINGS = NO;
				SWIFT_VERSION = 5.0;
				TEST_HOST = "$(BUILT_PRODUCTS_DIR)/VoiceNote.app/Contents/MacOS/VoiceNote";
			};
			name = Debug;
		};
		1A0000000000000000000204 /* Release */ = {
			isa = XCBuildConfiguration;
			buildSettings = {
				BUNDLE_LOADER = "$(TEST_HOST)";
				CODE_SIGN_STYLE = Automatic;
				CURRENT_PROJECT_VERSION = 1;
				GENERATE_INFOPLIST_FILE = YES;
				MACOSX_DEPLOYMENT_TARGET = 14.0;
				MARKETING_VERSION = 1.0;
				PRODUCT_BUNDLE_IDENTIFIER = com.george.voicenote.tests;
				PRODUCT_NAME = "$(TARGET_NAME)";
				SWIFT_EMIT_LOC_STRINGS = NO;
				SWIFT_VERSION = 5.0;
				TEST_HOST = "$(BUILT_PRODUCTS_DIR)/VoiceNote.app/Contents/MacOS/VoiceNote";
			};
			name = Release;
		};
/* End XCBuildConfiguration section */

/* Begin XCConfigurationList section */
		1A0000000000000000000010 /* Build configuration list for PBXProject "VoiceNote" */ = {
			isa = XCConfigurationList;
			buildConfigurations = (
				1A0000000000000000000012 /* Debug */,
				1A0000000000000000000013 /* Release */,
			);
			defaultConfigurationIsVisible = 0;
			defaultConfigurationName = Release;
		};
		1A0000000000000000000011 /* Build configuration list for PBXNativeTarget "VoiceNote" */ = {
			isa = XCConfigurationList;
			buildConfigurations = (
				1A0000000000000000000014 /* Debug */,
				1A0000000000000000000015 /* Release */,
			);
			defaultConfigurationIsVisible = 0;
			defaultConfigurationName = Release;
		};
		1A0000000000000000000202 /* Build configuration list for PBXNativeTarget "VoiceNoteTests" */ = {
			isa = XCConfigurationList;
			buildConfigurations = (
				1A0000000000000000000203 /* Debug */,
				1A0000000000000000000204 /* Release */,
			);
			defaultConfigurationIsVisible = 0;
			defaultConfigurationName = Release;
		};
/* End XCConfigurationList section */

/* Begin XCRemoteSwiftPackageReference section */
		1A0000000000000000000030 /* XCRemoteSwiftPackageReference "WhisperKit" */ = {
			isa = XCRemoteSwiftPackageReference;
			repositoryURL = "https://github.com/argmaxinc/WhisperKit";
			requirement = {
				kind = upToNextMajorVersion;
				minimumVersion = 0.9.0;
			};
		};
		1A0000000000000000000031 /* XCRemoteSwiftPackageReference "KeyboardShortcuts" */ = {
			isa = XCRemoteSwiftPackageReference;
			repositoryURL = "https://github.com/sindresorhus/KeyboardShortcuts";
			requirement = {
				kind = upToNextMajorVersion;
				minimumVersion = 2.0.0;
			};
		};
/* End XCRemoteSwiftPackageReference section */

/* Begin XCSwiftPackageProductDependency section */
		1A0000000000000000000032 /* WhisperKit */ = {
			isa = XCSwiftPackageProductDependency;
			package = 1A0000000000000000000030 /* XCRemoteSwiftPackageReference "WhisperKit" */;
			productName = WhisperKit;
		};
		1A0000000000000000000033 /* KeyboardShortcuts */ = {
			isa = XCSwiftPackageProductDependency;
			package = 1A0000000000000000000031 /* XCRemoteSwiftPackageReference "KeyboardShortcuts" */;
			productName = KeyboardShortcuts;
		};
/* End XCSwiftPackageProductDependency section */
	};
	rootObject = 1A0000000000000000000001 /* Project object */;
}
